
Microsoft Visual Studio Solution File, Format Version 12.00
# Visual Studio Version 16
VisualStudioVersion = 16.0.29613.14
MinimumVisualStudioVersion = 10.0.40219.1
Project("{FAE04EC0-301F-11D3-BF4B-00C04F79EFBC}") = "Coursework_Babych_Speech_Therapy.UWP", "Coursework_Babych_Speech_Therapy\Coursework_Babych_Speech_Therapy.UWP\Coursework_Babych_Speech_Therapy.UWP.csproj", "{C2A80291-781E-4D7A-BC34-3156A8FBA1F5}"
EndProject
Project("{FAE04EC0-301F-11D3-BF4B-00C04F79EFBC}") = "Coursework_Babych_Speech_Therapy.Android", "Coursework_Babych_Speech_Therapy\Coursework_Babych_Speech_Therapy.Android\Coursework_Babych_Speech_Therapy.Android.csproj", "{2B3C53DE-1597-4BE2-B860-05EDF65F733B}"
EndProject
Project("{FAE04EC0-301F-11D3-BF4B-00C04F79EFBC}") = "Coursework_Babych_Speech_Therapy.iOS", "Coursework_Babych_Speech_Therapy\Coursework_Babych_Speech_Therapy.iOS\Coursework_Babych_Speech_Therapy.iOS.csproj", "{2E417E86-8CE8-4BA5-829D-6E1EB2C44D5F}"
EndProject
Project("{FAE04EC0-301F-11D3-BF4B-00C04F79EFBC}") = "Coursework_Babych_Speech_Therapy", "Coursework_Babych_Speech_Therapy\Coursework_Babych_Speech_Therapy\Coursework_Babych_Speech_Therapy.csproj", "{1DD2DBA5-1C79-4174-8F92-E48331C08925}"
EndProject
Global
	GlobalSection(SolutionConfigurationPlatforms) = preSolution
		Debug|Any CPU = Debug|Any CPU
		Debug|ARM = Debug|ARM
		Debug|iPhone = Debug|iPhone
		Debug|iPhoneSimulator = Debug|iPhoneSimulator
		Debug|x64 = Debug|x64
		Debug|x86 = Debug|x86
		Release|Any CPU = Release|Any CPU
		Release|ARM = Release|ARM
		Release|iPhone = Release|iPhone
		Release|iPhoneSimulator = Release|iPhoneSimulator
		Release|x64 = Release|x64
		Release|x86 = Release|x86
	EndGlobalSection
	GlobalSection(ProjectConfigurationPlatforms) = postSolution
		{C2A80291-781E-4D7A-BC34-3156A8FBA1F5}.Debug|Any CPU.ActiveCfg = Debug|x86
		{C2A80291-781E-4D7A-BC34-3156A8FBA1F5}.Debug|Any CPU.Build.0 = Debug|x86
		{C2A80291-781E-4D7A-BC34-3156A8FBA1F5}.Debug|Any CPU.Deploy.0 = Debug|x86
		{C2A80291-781E-4D7A-BC34-3156A8FBA1F5}.Debug|ARM.ActiveCfg = Debug|ARM
		{C2A80291-781E-4D7A-BC34-3156A8FBA1F5}.Debug|ARM.Build.0 = Debug|ARM
		{C2A80291-781E-4D7A-BC34-3156A8FBA1F5}.Debug|ARM.Deploy.0 = Debug|ARM
		{C2A80291-781E-4D7A-BC34-3156A8FBA1F5}.Debug|iPhone.ActiveCfg = Debug|x86
		{C2A80291-781E-4D7A-BC34-3156A8FBA1F5}.Debug|iPhone.Build.0 = Debug|x86
		{C2A80291-781E-4D7A-BC34-3156A8FBA1F5}.Debug|iPhone.Deploy.0 = Debug|x86
		{C2A80291-781E-4D7A-BC34-3156A8FBA1F5}.Debug|iPhoneSimulator.ActiveCfg = Debug|x86
		{C2A80291-781E-4D7A-BC34-3156A8FBA1F5}.Debug|iPhoneSimulator.Build.0 = Debug|x86
		{C2A80291-781E-4D7A-BC34-3156A8FBA1F5}.Debug|iPhoneSimulator.Deploy.0 = Debug|x86
		{C2A80291-781E-4D7A-BC34-3156A8FBA1F5}.Debug|x64.ActiveCfg = Debug|x64
		{C2A80291-781E-4D7A-BC34-3156A8FBA1F5}.Debug|x64.Build.0 = Debug|x64
		{C2A80291-781E-4D7A-BC34-3156A8FBA1F5}.Debug|x64.Deploy.0 = Debug|x64
		{C2A80291-781E-4D7A-BC34-3156A8FBA1F5}.Debug|x86.ActiveCfg = Debug|x86
		{C2A80291-781E-4D7A-BC34-3156A8FBA1F5}.Debug|x86.Build.0 = Debug|x86
		{C2A80291-781E-4D7A-BC34-3156A8FBA1F5}.Debug|x86.Deploy.0 = Debug|x86
		{C2A80291-781E-4D7A-BC34-3156A8FBA1F5}.Release|Any CPU.ActiveCfg = Release|x86
		{C2A80291-781E-4D7A-BC34-3156A8FBA1F5}.Release|Any CPU.Build.0 = Release|x86
		{C2A80291-781E-4D7A-BC34-3156A8FBA1F5}.Release|Any CPU.Deploy.0 = Release|x86
		{C2A80291-781E-4D7A-BC34-3156A8FBA1F5}.Release|ARM.ActiveCfg = Release|ARM
		{C2A80291-781E-4D7A-BC34-3156A8FBA1F5}.Release|ARM.Build.0 = Release|ARM
		{C2A80291-781E-4D7A-BC34-3156A8FBA1F5}.Release|ARM.Deploy.0 = Release|ARM
		{C2A80291-781E-4D7A-BC34-3156A8FBA1F5}.Release|iPhone.ActiveCfg = Release|x86
		{C2A80291-781E-4D7A-BC34-3156A8FBA1F5}.Release|iPhone.Build.0 = Release|x86
		{C2A80291-781E-4D7A-BC34-3156A8FBA1F5}.Release|iPhone.Deploy.0 = Release|x86
		{C2A80291-781E-4D7A-BC34-3156A8FBA1F5}.Release|iPhoneSimulator.ActiveCfg = Release|x86
		{C2A80291-781E-4D7A-BC34-3156A8FBA1F5}.Release|iPhoneSimulator.Build.0 = Release|x86
		{C2A80291-781E-4D7A-BC34-3156A8FBA1F5}.Release|iPhoneSimulator.Deploy.0 = Release|x86
		{C2A80291-781E-4D7A-BC34-3156A8FBA1F5}.Release|x64.ActiveCfg = Release|x64
		{C2A80291-781E-4D7A-BC34-3156A8FBA1F5}.Release|x64.Build.0 = Release|x64
		{C2A80291-781E-4D7A-BC34-3156A8FBA1F5}.Release|x64.Deploy.0 = Release|x64
		{C2A80291-781E-4D7A-BC34-3156A8FBA1F5}.Release|x86.ActiveCfg = Release|x86
		{C2A80291-781E-4D7A-BC34-3156A8FBA1F5}.Release|x86.Build.0 = Release|x86
		{C2A80291-781E-4D7A-BC34-3156A8FBA1F5}.Release|x86.Deploy.0 = Release|x86
		{2B3C53DE-1597-4BE2-B860-05EDF65F733B}.Debug|Any CPU.ActiveCfg = Debug|Any CPU
		{2B3C53DE-1597-4BE2-B860-05EDF65F733B}.Debug|Any CPU.Build.0 = Debug|Any CPU
		{2B3C53DE-1597-4BE2-B860-05EDF65F733B}.Debug|Any CPU.Deploy.0 = Debug|Any CPU
		{2B3C53DE-1597-4BE2-B860-05EDF65F733B}.Debug|ARM.ActiveCfg = Debug|Any CPU
		{2B3C53DE-1597-4BE2-B860-05EDF65F733B}.Debug|ARM.Build.0 = Debug|Any CPU
		{2B3C53DE-1597-4BE2-B860-05EDF65F733B}.Debug|ARM.Deploy.0 = Debug|Any CPU
		{2B3C53DE-1597-4BE2-B860-05EDF65F733B}.Debug|iPhone.ActiveCfg = Debug|Any CPU
		{2B3C53DE-1597-4BE2-B860-05EDF65F733B}.Debug|iPhone.Build.0 = Debug|Any CPU
		{2B3C53DE-1597-4BE2-B860-05EDF65F733B}.Debug|iPhone.Deploy.0 = Debug|Any CPU
		{2B3C53DE-1597-4BE2-B860-05EDF65F733B}.Debug|iPhoneSimulator.ActiveCfg = Debug|Any CPU
		{2B3C53DE-1597-4BE2-B860-05EDF65F733B}.Debug|iPhoneSimulator.Build.0 = Debug|Any CPU
		{2B3C53DE-1597-4BE2-B860-05EDF65F733B}.Debug|iPhoneSimulator.Deploy.0 = Debug|Any CPU
		{2B3C53DE-1597-4BE2-B860-05EDF65F733B}.Debug|x64.ActiveCfg = Debug|Any CPU
		{2B3C53DE-1597-4BE2-B860-05EDF65F733B}.Debug|x64.Build.0 = Debug|Any CPU
		{2B3C53DE-1597-4BE2-B860-05EDF65F733B}.Debug|x64.Deploy.0 = Debug|Any CPU
		{2B3C53DE-1597-4BE2-B860-05EDF65F733B}.Debug|x86.ActiveCfg = Debug|Any CPU
		{2B3C53DE-1597-4BE2-B860-05EDF65F733B}.Debug|x86.Build.0 = Debug|Any CPU
		{2B3C53DE-1597-4BE2-B860-05EDF65F733B}.Debug|x86.Deploy.0 = Debug|Any CPU
		{2B3C53DE-1597-4BE2-B860-05EDF65F733B}.Release|Any CPU.ActiveCfg = Release|Any CPU
		{2B3C53DE-1597-4BE2-B860-05EDF65F733B}.Release|Any CPU.Build.0 = Release|Any CPU
		{2B3C53DE-1597-4BE2-B860-05EDF65F733B}.Release|Any CPU.Deploy.0 = Release|Any CPU
		{2B3C53DE-1597-4BE2-B860-05EDF65F733B}.Release|ARM.ActiveCfg = Release|Any CPU
		{2B3C53DE-1597-4BE2-B860-05EDF65F733B}.Release|ARM.Build.0 = Release|Any CPU
		{2B3C53DE-1597-4BE2-B860-05EDF65F733B}.Release|ARM.Deploy.0 = Release|Any CPU
		{2B3C53DE-1597-4BE2-B860-05EDF65F733B}.Release|iPhone.ActiveCfg = Release|Any CPU
		{2B3C53DE-1597-4BE2-B860-05EDF65F733B}.Release|iPhone.Build.0 = Release|Any CPU
		{2B3C53DE-1597-4BE2-B860-05EDF65F733B}.Release|iPhone.Deploy.0 = Release|Any CPU
		{2B3C53DE-1597-4BE2-B860-05EDF65F733B}.Release|iPhoneSimulator.ActiveCfg = Release|Any CPU
		{2B3C53DE-1597-4BE2-B860-05EDF65F733B}.Release|iPhoneSimulator.Build.0 = Release|Any CPU
		{2B3C53DE-1597-4BE2-B860-05EDF65F733B}.Release|iPhoneSimulator.Deploy.0 = Release|Any CPU
		{2B3C53DE-1597-4BE2-B860-05EDF65F733B}.Release|x64.ActiveCfg = Release|Any CPU
		{2B3C53DE-1597-4BE2-B860-05EDF65F733B}.Release|x64.Build.0 = Release|Any CPU
		{2B3C53DE-1597-4BE2-B860-05EDF65F733B}.Release|x64.Deploy.0 = Release|Any CPU
		{2B3C53DE-1597-4BE2-B860-05EDF65F733B}.Release|x86.ActiveCfg = Release|Any CPU
		{2B3C53DE-1597-4BE2-B860-05EDF65F733B}.Release|x86.Build.0 = Release|Any CPU
		{2B3C53DE-1597-4BE2-B860-05EDF65F733B}.Release|x86.Deploy.0 = Release|Any CPU
		{2E417E86-8CE8-4BA5-829D-6E1EB2C44D5F}.Debug|Any CPU.ActiveCfg = Debug|iPhone
		{2E417E86-8CE8-4BA5-829D-6E1EB2C44D5F}.Debug|Any CPU.Build.0 = Debug|iPhone
		{2E417E86-8CE8-4BA5-829D-6E1EB2C44D5F}.Debug|Any CPU.Deploy.0 = Debug|iPhone
		{2E417E86-8CE8-4BA5-829D-6E1EB2C44D5F}.Debug|ARM.ActiveCfg = Debug|iPhoneSimulator
		{2E417E86-8CE8-4BA5-829D-6E1EB2C44D5F}.Debug|ARM.Build.0 = Debug|iPhoneSimulator
		{2E417E86-8CE8-4BA5-829D-6E1EB2C44D5F}.Debug|ARM.Deploy.0 = Debug|iPhoneSimulator
		{2E417E86-8CE8-4BA5-829D-6E1EB2C44D5F}.Debug|iPhone.ActiveCfg = Debug|iPhone
		{2E417E86-8CE8-4BA5-829D-6E1EB2C44D5F}.Debug|iPhone.Build.0 = Debug|iPhone
		{2E417E86-8CE8-4BA5-829D-6E1EB2C44D5F}.Debug|iPhone.Deploy.0 = Debug|iPhone
		{2E417E86-8CE8-4BA5-829D-6E1EB2C44D5F}.Debug|iPhoneSimulator.ActiveCfg = Debug|iPhoneSimulator
		{2E417E86-8CE8-4BA5-829D-6E1EB2C44D5F}.Debug|iPhoneSimulator.Build.0 = Debug|iPhoneSimulator
		{2E417E86-8CE8-4BA5-829D-6E1EB2C44D5F}.Debug|iPhoneSimulator.Deploy.0 = Debug|iPhoneSimulator
		{2E417E86-8CE8-4BA5-829D-6E1EB2C44D5F}.Debug|x64.ActiveCfg = Debug|iPhone
		{2E417E86-8CE8-4BA5-829D-6E1EB2C44D5F}.Debug|x64.Build.0 = Debug|iPhone
		{2E417E86-8CE8-4BA5-829D-6E1EB2C44D5F}.Debug|x64.Deploy.0 = Debug|iPhone
		{2E417E86-8CE8-4BA5-829D-6E1EB2C44D5F}.Debug|x86.ActiveCfg = Debug|iPhone
		{2E417E86-8CE8-4BA5-829D-6E1EB2C44D5F}.Debug|x86.Build.0 = Debug|iPhone
		{2E417E86-8CE8-4BA5-829D-6E1EB2C44D5F}.Debug|x86.Deploy.0 = Debug|iPhone
		{2E417E86-8CE8-4BA5-829D-6E1EB2C44D5F}.Release|Any CPU.ActiveCfg = Release|iPhone
		{2E417E86-8CE8-4BA5-829D-6E1EB2C44D5F}.Release|Any CPU.Build.0 = Release|iPhone
		{2E417E86-8CE8-4BA5-829D-6E1EB2C44D5F}.Release|Any CPU.Deploy.0 = Release|iPhone
		{2E417E86-8CE8-4BA5-829D-6E1EB2C44D5F}.Release|ARM.ActiveCfg = Release|iPhone
		{2E417E86-8CE8-4BA5-829D-6E1EB2C44D5F}.Release|ARM.Build.0 = Release|iPhone
		{2E417E86-8CE8-4BA5-829D-6E1EB2C44D5F}.Release|ARM.Deploy.0 = Release|iPhone
		{2E417E86-8CE8-4BA5-829D-6E1EB2C44D5F}.Release|iPhone.ActiveCfg = Release|iPhone
		{2E417E86-8CE8-4BA5-829D-6E1EB2C44D5F}.Release|iPhone.Build.0 = Release|iPhone
		{2E417E86-8CE8-4BA5-829D-6E1EB2C44D5F}.Release|iPhone.Deploy.0 = Release|iPhone
		{2E417E86-8CE8-4BA5-829D-6E1EB2C44D5F}.Release|iPhoneSimulator.ActiveCfg = Release|iPhoneSimulator
		{2E417E86-8CE8-4BA5-829D-6E1EB2C44D5F}.Release|iPhoneSimulator.Build.0 = Release|iPhoneSimulator
		{2E417E86-8CE8-4BA5-829D-6E1EB2C44D5F}.Release|iPhoneSimulator.Deploy.0 = Release|iPhoneSimulator
		{2E417E86-8CE8-4BA5-829D-6E1EB2C44D5F}.Release|x64.ActiveCfg = Release|iPhone
		{2E417E86-8CE8-4BA5-829D-6E1EB2C44D5F}.Release|x64.Build.0 = Release|iPhone
		{2E417E86-8CE8-4BA5-829D-6E1EB2C44D5F}.Release|x64.Deploy.0 = Release|iPhone
		{2E417E86-8CE8-4BA5-829D-6E1EB2C44D5F}.Release|x86.ActiveCfg = Release|iPhone
		{2E417E86-8CE8-4BA5-829D-6E1EB2C44D5F}.Release|x86.Build.0 = Release|iPhone
		{2E417E86-8CE8-4BA5-829D-6E1EB2C44D5F}.Release|x86.Deploy.0 = Release|iPhone
		{1DD2DBA5-1C79-4174-8F92-E48331C08925}.Debug|Any CPU.ActiveCfg = Debug|Any CPU
		{1DD2DBA5-1C79-4174-8F92-E48331C08925}.Debug|Any CPU.Build.0 = Debug|Any CPU
		{1DD2DBA5-1C79-4174-8F92-E48331C08925}.Debug|Any CPU.Deploy.0 = Debug|Any CPU
		{1DD2DBA5-1C79-4174-8F92-E48331C08925}.Debug|ARM.ActiveCfg = Debug|Any CPU
		{1DD2DBA5-1C79-4174-8F92-E48331C08925}.Debug|ARM.Build.0 = Debug|Any CPU
		{1DD2DBA5-1C79-4174-8F92-E48331C08925}.Debug|ARM.Deploy.0 = Debug|Any CPU
		{1DD2DBA5-1C79-4174-8F92-E48331C08925}.Debug|iPhone.ActiveCfg = Debug|Any CPU
		{1DD2DBA5-1C79-4174-8F92-E48331C08925}.Debug|iPhone.Build.0 = Debug|Any CPU
		{1DD2DBA5-1C79-4174-8F92-E48331C08925}.Debug|iPhone.Deploy.0 = Debug|Any CPU
		{1DD2DBA5-1C79-4174-8F92-E48331C08925}.Debug|iPhoneSimulator.ActiveCfg = Debug|Any CPU
		{1DD2DBA5-1C79-4174-8F92-E48331C08925}.Debug|iPhoneSimulator.Build.0 = Debug|Any CPU
		{1DD2DBA5-1C79-4174-8F92-E48331C08925}.Debug|iPhoneSimulator.Deploy.0 = Debug|Any CPU
		{1DD2DBA5-1C79-4174-8F92-E48331C08925}.Debug|x64.ActiveCfg = Debug|Any CPU
		{1DD2DBA5-1C79-4174-8F92-E48331C08925}.Debug|x64.Build.0 = Debug|Any CPU
		{1DD2DBA5-1C79-4174-8F92-E48331C08925}.Debug|x64.Deploy.0 = Debug|Any CPU
		{1DD2DBA5-1C79-4174-8F92-E48331C08925}.Debug|x86.ActiveCfg = Debug|Any CPU
		{1DD2DBA5-1C79-4174-8F92-E48331C08925}.Debug|x86.Build.0 = Debug|Any CPU
		{1DD2DBA5-1C79-4174-8F92-E48331C08925}.Debug|x86.Deploy.0 = Debug|Any CPU
		{1DD2DBA5-1C79-4174-8F92-E48331C08925}.Release|Any CPU.ActiveCfg = Release|Any CPU
		{1DD2DBA5-1C79-4174-8F92-E48331C08925}.Release|Any CPU.Build.0 = Release|Any CPU
		{1DD2DBA5-1C79-4174-8F92-E48331C08925}.Release|Any CPU.Deploy.0 = Release|Any CPU
		{1DD2DBA5-1C79-4174-8F92-E48331C08925}.Release|ARM.ActiveCfg = Release|Any CPU
		{1DD2DBA5-1C79-4174-8F92-E48331C08925}.Release|ARM.Build.0 = Release|Any CPU
		{1DD2DBA5-1C79-4174-8F92-E48331C08925}.Release|ARM.Deploy.0 = Release|Any CPU
		{1DD2DBA5-1C79-4174-8F92-E48331C08925}.Release|iPhone.ActiveCfg = Release|Any CPU
		{1DD2DBA5-1C79-4174-8F92-E48331C08925}.Release|iPhone.Build.0 = Release|Any CPU
		{1DD2DBA5-1C79-4174-8F92-E48331C08925}.Release|iPhone.Deploy.0 = Release|Any CPU
		{1DD2DBA5-1C79-4174-8F92-E48331C08925}.Release|iPhoneSimulator.ActiveCfg = Release|Any CPU
		{1DD2DBA5-1C79-4174-8F92-E48331C08925}.Release|iPhoneSimulator.Build.0 = Release|Any CPU
		{1DD2DBA5-1C79-4174-8F92-E48331C08925}.Release|iPhoneSimulator.Deploy.0 = Release|Any CPU
		{1DD2DBA5-1C79-4174-8F92-E48331C08925}.Release|x64.ActiveCfg = Release|Any CPU
		{1DD2DBA5-1C79-4174-8F92-E48331C08925}.Release|x64.Build.0 = Release|Any CPU
		{1DD2DBA5-1C79-4174-8F92-E48331C08925}.Release|x64.Deploy.0 = Release|Any CPU
		{1DD2DBA5-1C79-4174-8F92-E48331C08925}.Release|x86.ActiveCfg = Release|Any CPU
		{1DD2DBA5-1C79-4174-8F92-E48331C08925}.Release|x86.Build.0 = Release|Any CPU
		{1DD2DBA5-1C79-4174-8F92-E48331C08925}.Release|x86.Deploy.0 = Release|Any CPU
	EndGlobalSection
	GlobalSection(SolutionProperties) = preSolution
		HideSolutionNode = FALSE
	EndGlobalSection
	GlobalSection(ExtensibilityGlobals) = postSolution
		SolutionGuid = {B9C3BAFE-CB10-4F1C-A17F-14DDDF2B3487}
	EndGlobalSection
EndGlobal
